{
  "name": "arr-dt",
  "version": "1.0.0",
  "lockfileVersion": 3,
  "requires": true,
  "packages": {
    "": {
      "name": "arr-dt",
      "version": "1.0.0",
      "license": "ISC",
      "dependencies": {
        "@ctrl/qbittorrent": "^8.0.0",
        "@robertklep/qbittorrent": "^1.0.1",
        "axios-rate-limit": "^1.3.0",
        "axios-retry": "^4.1.0",
        "parse-torrent": "^11.0.16",
        "parse-torrent-name": "^0.5.4"
      },
      "devDependencies": {
        "typescript": "^5.4.5"
      }
    },
    "node_modules/@ctrl/magnet-link": {
      "version": "4.0.2",
      "resolved": "https://registry.npmjs.org/@ctrl/magnet-link/-/magnet-link-4.0.2.tgz",
      "integrity": "sha512-wENP7LH4BmCjz+gXVq7Nzz20zMjY/huuG7aDk/yu/LhFdC84e/l8222rCIAo0lwhU451lFcJKLcOmtG6TNrBAQ==",
      "dependencies": {
        "rfc4648": "^1.5.3",
        "uint8array-extras": "^1.1.0"
      },
      "engines": {
        "node": ">=18"
      }
    },
    "node_modules/@ctrl/qbittorrent": {
      "version": "8.0.0",
      "resolved": "https://registry.npmjs.org/@ctrl/qbittorrent/-/qbittorrent-8.0.0.tgz",
      "integrity": "sha512-SZpo1ellWnNUxu2O6G+RyBJdP9k5OPusuQrFNjmJLuQfQnLKQgFvUuVS9IgHC6D2Yel6gMwcqcETlTjkeRAjgQ==",
      "dependencies": {
        "@ctrl/magnet-link": "^4.0.1",
        "@ctrl/shared-torrent": "^6.0.0",
        "@ctrl/torrent-file": "^4.0.0",
        "cookie": "^0.6.0",
        "node-fetch-native": "^1.6.2",
        "ofetch": "^1.3.3",
        "ufo": "^1.4.0",
        "uint8array-extras": "^1.1.0"
      },
      "engines": {
        "node": ">=18"
      }
    },
    "node_modules/@ctrl/shared-torrent": {
      "version": "6.0.0",
      "resolved": "https://registry.npmjs.org/@ctrl/shared-torrent/-/shared-torrent-6.0.0.tgz",
      "integrity": "sha512-BZAPDv8syFArFTAAeb560JSBNTajFtP3G/5eYiUMsg0upGAQs6NWGiHYbyjvAt8uHCSzxXsiji/Wvq1b7CvXSQ==",
      "engines": {
        "node": ">=18"
      }
    },
    "node_modules/@ctrl/torrent-file": {
      "version": "4.0.0",
      "resolved": "https://registry.npmjs.org/@ctrl/torrent-file/-/torrent-file-4.0.0.tgz",
      "integrity": "sha512-FmecYRCzpuPqAQhe/M1hHU81j+HjSzagEJJSQcJfdqc0cHVqNt7emo7YiJP3oOoVjq256vH4+ZimGErwFNvRpQ==",
      "dependencies": {
        "crypto-hash": "^3.0.0",
        "uint8array-extras": "^1.1.0"
      },
      "engines": {
        "node": ">=18"
      }
    },
    "node_modules/@robertklep/qbittorrent": {
      "version": "1.0.1",
      "resolved": "https://registry.npmjs.org/@robertklep/qbittorrent/-/qbittorrent-1.0.1.tgz",
      "integrity": "sha512-XQDKXN8sVGAIoZa+ZeGA+2p1HlQ2QPkfOtq9CL6za1qYsX2aLakkFVB7n4+ifaQoMvtV7l3RWqa/0lKwoUGR2Q==",
      "dependencies": {
        "needle": "^3.0.0"
      }
    },
    "node_modules/@thaunknown/thirty-two": {
      "version": "1.0.3",
      "resolved": "https://registry.npmjs.org/@thaunknown/thirty-two/-/thirty-two-1.0.3.tgz",
      "integrity": "sha512-bD6PvWbaf53JC04O7WnGDjqZBDgja/KT2Jd/6I2vJBIy+DLmQfQJZZ/G+16nAkVq1yGTIkO4rfc4RlH0DmEEqA==",
      "dependencies": {
        "uint8-util": "^2.1.9"
      },
      "engines": {
        "node": ">=0.2.6"
      }
    },
    "node_modules/abort-controller": {
      "version": "3.0.0",
      "resolved": "https://registry.npmjs.org/abort-controller/-/abort-controller-3.0.0.tgz",
      "integrity": "sha512-h8lQ8tacZYnR3vNQTgibj+tODHI5/+l06Au2Pcriv/Gmet0eaj4TwWH41sO9wnHDiQsEj19q0drzdWdeAHtweg==",
      "dependencies": {
        "event-target-shim": "^5.0.0"
      },
      "engines": {
        "node": ">=6.5"
      }
    },
    "node_modules/axios-rate-limit": {
      "version": "1.3.0",
      "resolved": "https://registry.npmjs.org/axios-rate-limit/-/axios-rate-limit-1.3.0.tgz",
      "integrity": "sha512-cKR5wTbU/CeeyF1xVl5hl6FlYsmzDVqxlN4rGtfO5x7J83UxKDckudsW0yW21/ZJRcO0Qrfm3fUFbhEbWTLayw==",
      "peerDependencies": {
        "axios": "*"
      }
    },
    "node_modules/axios-retry": {
      "version": "4.1.0",
      "resolved": "https://registry.npmjs.org/axios-retry/-/axios-retry-4.1.0.tgz",
      "integrity": "sha512-svdth4H00yhlsjBbjfLQ/sMLkXqeLxhiFC1nE1JtkN/CIssGxqk0UwTEdrVjwA2gr3yJkAulwvDSIm4z4HyPvg==",
      "dependencies": {
        "is-retry-allowed": "^2.2.0"
      },
      "peerDependencies": {
        "axios": "0.x || 1.x"
      }
    },
    "node_modules/base64-arraybuffer": {
      "version": "1.0.2",
      "resolved": "https://registry.npmjs.org/base64-arraybuffer/-/base64-arraybuffer-1.0.2.tgz",
      "integrity": "sha512-I3yl4r9QB5ZRY3XuJVEPfc2XhZO6YweFPI+UovAzn+8/hb3oJ6lnysaFcjVpkCPfVWFUDvoZ8kmVDP7WyRtYtQ==",
      "engines": {
        "node": ">= 0.6.0"
      }
    },
    "node_modules/bencode": {
      "version": "4.0.0",
      "resolved": "https://registry.npmjs.org/bencode/-/bencode-4.0.0.tgz",
      "integrity": "sha512-AERXw18df0pF3ziGOCyUjqKZBVNH8HV3lBxnx5w0qtgMIk4a1wb9BkcCQbkp9Zstfrn/dzRwl7MmUHHocX3sRQ==",
      "dependencies": {
        "uint8-util": "^2.2.2"
      },
      "engines": {
        "node": ">=12.20.0"
      }
    },
    "node_modules/bep53-range": {
      "version": "2.0.0",
      "resolved": "https://registry.npmjs.org/bep53-range/-/bep53-range-2.0.0.tgz",
      "integrity": "sha512-sMm2sV5PRs0YOVk0LTKtjuIprVzxgTQUsrGX/7Yph2Rm4FO2Fqqtq7hNjsOB5xezM4v4+5rljCgK++UeQJZguA==",
      "engines": {
        "node": ">=12.20.0"
      }
    },
    "node_modules/cookie": {
      "version": "0.6.0",
      "resolved": "https://registry.npmjs.org/cookie/-/cookie-0.6.0.tgz",
      "integrity": "sha512-U71cyTamuh1CRNCfpGY6to28lxvNwPG4Guz/EVjgf3Jmzv0vlDp1atT9eS5dDjMYHucpHbWns6Lwf3BKz6svdw==",
      "engines": {
        "node": ">= 0.6"
      }
    },
    "node_modules/cross-fetch-ponyfill": {
      "version": "1.0.3",
      "resolved": "https://registry.npmjs.org/cross-fetch-ponyfill/-/cross-fetch-ponyfill-1.0.3.tgz",
      "integrity": "sha512-uOBkDhUAGAbx/FEzNKkOfx3w57H8xReBBXoZvUnOKTI0FW0Xvrj3GrYv2iZXUqlffC1LMGfQzhmBM/ke+6eTDA==",
      "dependencies": {
        "abort-controller": "^3.0.0",
        "node-fetch": "^3.3.0"
      }
    },
    "node_modules/crypto-hash": {
      "version": "3.0.0",
      "resolved": "https://registry.npmjs.org/crypto-hash/-/crypto-hash-3.0.0.tgz",
      "integrity": "sha512-5l5xGtzuvGTU28GXxGV1JYVFou68buZWpkV1Fx5hIDRPnfbQ8KzabTlNIuDIeSCYGVPFehupzDqlnbXm2IXmdQ==",
      "engines": {
        "node": ">=18"
      },
      "funding": {
        "url": "https://github.com/sponsors/sindresorhus"
      }
    },
    "node_modules/data-uri-to-buffer": {
      "version": "4.0.1",
      "resolved": "https://registry.npmjs.org/data-uri-to-buffer/-/data-uri-to-buffer-4.0.1.tgz",
      "integrity": "sha512-0R9ikRb668HB7QDxT1vkpuUBtqc53YyAwMwGeUFKRojY/NWKvdZ+9UYtRfGmhqNbRkTSVpMbmyhXipFFv2cb/A==",
      "engines": {
        "node": ">= 12"
      }
    },
    "node_modules/destr": {
      "version": "2.0.3",
      "resolved": "https://registry.npmjs.org/destr/-/destr-2.0.3.tgz",
      "integrity": "sha512-2N3BOUU4gYMpTP24s5rF5iP7BDr7uNTCs4ozw3kf/eKfvWSIu93GEBi5m427YoyJoeOzQ5smuu4nNAPGb8idSQ=="
    },
    "node_modules/event-target-shim": {
      "version": "5.0.1",
      "resolved": "https://registry.npmjs.org/event-target-shim/-/event-target-shim-5.0.1.tgz",
      "integrity": "sha512-i/2XbnSz/uxRCU6+NdVJgKWDTM427+MqYbkQzD321DuCQJUqOuJKIA0IM2+W2xtYHdKOmZ4dR6fExsd4SXL+WQ==",
      "engines": {
        "node": ">=6"
      }
    },
    "node_modules/fetch-blob": {
      "version": "3.2.0",
      "resolved": "https://registry.npmjs.org/fetch-blob/-/fetch-blob-3.2.0.tgz",
      "integrity": "sha512-7yAQpD2UMJzLi1Dqv7qFYnPbaPx7ZfFK6PiIxQ4PfkGPyNyl2Ugx+a/umUonmKqjhM4DnfbMvdX6otXq83soQQ==",
      "funding": [
        {
          "type": "github",
          "url": "https://github.com/sponsors/jimmywarting"
        },
        {
          "type": "paypal",
          "url": "https://paypal.me/jimmywarting"
        }
      ],
      "dependencies": {
        "node-domexception": "^1.0.0",
        "web-streams-polyfill": "^3.0.3"
      },
      "engines": {
        "node": "^12.20 || >= 14.13"
      }
    },
    "node_modules/formdata-polyfill": {
      "version": "4.0.10",
      "resolved": "https://registry.npmjs.org/formdata-polyfill/-/formdata-polyfill-4.0.10.tgz",
      "integrity": "sha512-buewHzMvYL29jdeQTVILecSaZKnt/RJWjoZCF5OW60Z67/GmSLBkOFM7qh1PI3zFNtJbaZL5eQu1vLfazOwj4g==",
      "dependencies": {
        "fetch-blob": "^3.1.2"
      },
      "engines": {
        "node": ">=12.20.0"
      }
    },
    "node_modules/get-stdin": {
      "version": "9.0.0",
      "resolved": "https://registry.npmjs.org/get-stdin/-/get-stdin-9.0.0.tgz",
      "integrity": "sha512-dVKBjfWisLAicarI2Sf+JuBE/DghV4UzNAVe9yhEJuzeREd3JhOTE9cUaJTeSa77fsbQUK3pcOpJfM59+VKZaA==",
      "engines": {
        "node": ">=12"
      },
      "funding": {
        "url": "https://github.com/sponsors/sindresorhus"
      }
    },
    "node_modules/iconv-lite": {
      "version": "0.6.3",
      "resolved": "https://registry.npmjs.org/iconv-lite/-/iconv-lite-0.6.3.tgz",
      "integrity": "sha512-4fCk79wshMdzMp2rH06qWrJE4iolqLhCUH+OiuIgU++RB0+94NlDL81atO7GX55uUKueo0txHNtvEyI6D7WdMw==",
      "dependencies": {
        "safer-buffer": ">= 2.1.2 < 3.0.0"
      },
      "engines": {
        "node": ">=0.10.0"
      }
    },
    "node_modules/is-retry-allowed": {
      "version": "2.2.0",
      "resolved": "https://registry.npmjs.org/is-retry-allowed/-/is-retry-allowed-2.2.0.tgz",
      "integrity": "sha512-XVm7LOeLpTW4jV19QSH38vkswxoLud8sQ57YwJVTPWdiaI9I8keEhGFpBlslyVsgdQy4Opg8QOLb8YRgsyZiQg==",
      "engines": {
        "node": ">=10"
      },
      "funding": {
        "url": "https://github.com/sponsors/sindresorhus"
      }
    },
    "node_modules/magnet-uri": {
      "version": "7.0.5",
      "resolved": "https://registry.npmjs.org/magnet-uri/-/magnet-uri-7.0.5.tgz",
      "integrity": "sha512-Ke+dDiYHK1Rq/ZyGUAgk7NIkoypivxolTj/A0qr60ypP0FjeP+NTUNEhr965HsRan0zGxKEBK73+SsjRyJWkXg==",
      "funding": [
        {
          "type": "github",
          "url": "https://github.com/sponsors/feross"
        },
        {
          "type": "patreon",
          "url": "https://www.patreon.com/feross"
        },
        {
          "type": "consulting",
          "url": "https://feross.org/support"
        }
      ],
      "dependencies": {
        "@thaunknown/thirty-two": "^1.0.3",
        "bep53-range": "^2.0.0",
        "uint8-util": "^2.1.9"
      },
      "engines": {
        "node": ">=12.20.0"
      }
    },
    "node_modules/needle": {
      "version": "3.3.1",
      "resolved": "https://registry.npmjs.org/needle/-/needle-3.3.1.tgz",
      "integrity": "sha512-6k0YULvhpw+RoLNiQCRKOl09Rv1dPLr8hHnVjHqdolKwDrdNyk+Hmrthi4lIGPPz3r39dLx0hsF5s40sZ3Us4Q==",
      "dependencies": {
        "iconv-lite": "^0.6.3",
        "sax": "^1.2.4"
      },
      "bin": {
        "needle": "bin/needle"
      },
      "engines": {
        "node": ">= 4.4.x"
      }
    },
    "node_modules/node-domexception": {
      "version": "1.0.0",
      "resolved": "https://registry.npmjs.org/node-domexception/-/node-domexception-1.0.0.tgz",
      "integrity": "sha512-/jKZoMpw0F8GRwl4/eLROPA3cfcXtLApP0QzLmUT/HuPCZWyB7IY9ZrMeKw2O/nFIqPQB3PVM9aYm0F312AXDQ==",
      "funding": [
        {
          "type": "github",
          "url": "https://github.com/sponsors/jimmywarting"
        },
        {
          "type": "github",
          "url": "https://paypal.me/jimmywarting"
        }
      ],
      "engines": {
        "node": ">=10.5.0"
      }
    },
    "node_modules/node-fetch": {
      "version": "3.3.2",
      "resolved": "https://registry.npmjs.org/node-fetch/-/node-fetch-3.3.2.tgz",
      "integrity": "sha512-dRB78srN/l6gqWulah9SrxeYnxeddIG30+GOqK/9OlLVyLg3HPnr6SqOWTWOXKRwC2eGYCkZ59NNuSgvSrpgOA==",
      "dependencies": {
        "data-uri-to-buffer": "^4.0.0",
        "fetch-blob": "^3.1.4",
        "formdata-polyfill": "^4.0.10"
      },
      "engines": {
        "node": "^12.20.0 || ^14.13.1 || >=16.0.0"
      },
      "funding": {
        "type": "opencollective",
        "url": "https://opencollective.com/node-fetch"
      }
    },
    "node_modules/node-fetch-native": {
      "version": "1.6.4",
      "resolved": "https://registry.npmjs.org/node-fetch-native/-/node-fetch-native-1.6.4.tgz",
      "integrity": "sha512-IhOigYzAKHd244OC0JIMIUrjzctirCmPkaIfhDeGcEETWof5zKYUW7e7MYvChGWh/4CJeXEgsRyGzuF334rOOQ=="
    },
    "node_modules/ofetch": {
      "version": "1.3.4",
      "resolved": "https://registry.npmjs.org/ofetch/-/ofetch-1.3.4.tgz",
      "integrity": "sha512-KLIET85ik3vhEfS+3fDlc/BAZiAp+43QEC/yCo5zkNoY2YaKvNkOaFr/6wCFgFH1kuYQM5pMNi0Tg8koiIemtw==",
      "dependencies": {
        "destr": "^2.0.3",
        "node-fetch-native": "^1.6.3",
        "ufo": "^1.5.3"
      }
    },
    "node_modules/parse-torrent": {
      "version": "11.0.16",
      "resolved": "https://registry.npmjs.org/parse-torrent/-/parse-torrent-11.0.16.tgz",
      "integrity": "sha512-5GoOdmW0HpiB78aQpBz8/5V3V1LjBRDNiL7DOs33pKeCLOzFnfMrsRD6CYmaUBT5Vi/dXE0hfePsjDGJSMF48w==",
      "funding": [
        {
          "type": "github",
          "url": "https://github.com/sponsors/feross"
        },
        {
          "type": "patreon",
          "url": "https://www.patreon.com/feross"
        },
        {
          "type": "consulting",
          "url": "https://feross.org/support"
        }
      ],
      "dependencies": {
        "bencode": "^4.0.0",
        "cross-fetch-ponyfill": "^1.0.3",
        "get-stdin": "^9.0.0",
        "magnet-uri": "^7.0.5",
        "queue-microtask": "^1.2.3",
        "uint8-util": "^2.2.4"
      },
      "bin": {
        "parse-torrent": "bin/cmd.js"
      },
      "engines": {
        "node": ">=12.20.0"
      }
    },
    "node_modules/parse-torrent-name": {
      "version": "0.5.4",
      "resolved": "https://registry.npmjs.org/parse-torrent-name/-/parse-torrent-name-0.5.4.tgz",
      "integrity": "sha512-digWcT7Zp/oZX8I7iTQSfWd3z3C/0zszo/xYQsmogO2a6XDU0sTlQXYffHRhuwXNivBvMB8mS+EAwciyyVBlGQ=="
    },
    "node_modules/queue-microtask": {
      "version": "1.2.3",
      "resolved": "https://registry.npmjs.org/queue-microtask/-/queue-microtask-1.2.3.tgz",
      "integrity": "sha512-NuaNSa6flKT5JaSYQzJok04JzTL1CA6aGhv5rfLW3PgqA+M2ChpZQnAC8h8i4ZFkBS8X5RqkDBHA7r4hej3K9A==",
      "funding": [
        {
          "type": "github",
          "url": "https://github.com/sponsors/feross"
        },
        {
          "type": "patreon",
          "url": "https://www.patreon.com/feross"
        },
        {
          "type": "consulting",
          "url": "https://feross.org/support"
        }
      ]
    },
    "node_modules/rfc4648": {
      "version": "1.5.3",
      "resolved": "https://registry.npmjs.org/rfc4648/-/rfc4648-1.5.3.tgz",
      "integrity": "sha512-MjOWxM065+WswwnmNONOT+bD1nXzY9Km6u3kzvnx8F8/HXGZdz3T6e6vZJ8Q/RIMUSp/nxqjH3GwvJDy8ijeQQ=="
    },
    "node_modules/safer-buffer": {
      "version": "2.1.2",
      "resolved": "https://registry.npmjs.org/safer-buffer/-/safer-buffer-2.1.2.tgz",
      "integrity": "sha512-YZo3K82SD7Riyi0E1EQPojLz7kpepnSQI9IyPbHHg1XXXevb5dJI7tpyN2ADxGcQbHG7vcyRHk0cbwqcQriUtg=="
    },
    "node_modules/sax": {
      "version": "1.3.0",
      "resolved": "https://registry.npmjs.org/sax/-/sax-1.3.0.tgz",
      "integrity": "sha512-0s+oAmw9zLl1V1cS9BtZN7JAd0cW5e0QH4W3LWEK6a4LaLEA2OTpGYWDY+6XasBLtz6wkm3u1xRw95mRuJ59WA=="
    },
    "node_modules/typescript": {
      "version": "5.4.5",
      "resolved": "https://registry.npmjs.org/typescript/-/typescript-5.4.5.tgz",
      "integrity": "sha512-vcI4UpRgg81oIRUFwR0WSIHKt11nJ7SAVlYNIu+QpqeyXP+gpQJy/Z4+F0aGxSE4MqwjyXvW/TzgkLAx2AGHwQ==",
      "dev": true,
      "bin": {
        "tsc": "bin/tsc",
        "tsserver": "bin/tsserver"
      },
      "engines": {
        "node": ">=14.17"
      }
    },
    "node_modules/ufo": {
      "version": "1.5.3",
      "resolved": "https://registry.npmjs.org/ufo/-/ufo-1.5.3.tgz",
      "integrity": "sha512-Y7HYmWaFwPUmkoQCUIAYpKqkOf+SbVj/2fJJZ4RJMCfZp0rTGwRbzQD+HghfnhKOjL9E01okqz+ncJskGYfBNw=="
    },
    "node_modules/uint8-util": {
      "version": "2.2.4",
      "resolved": "https://registry.npmjs.org/uint8-util/-/uint8-util-2.2.4.tgz",
      "integrity": "sha512-uEI5lLozmKQPYEevfEhP9LY3Je5ZmrQhaWXrzTVqrLNQl36xsRh8NiAxYwB9J+2BAt99TRbmCkROQB2ZKhx4UA==",
      "dependencies": {
        "base64-arraybuffer": "^1.0.2"
      }
    },
    "node_modules/uint8array-extras": {
      "version": "1.1.0",
      "resolved": "https://registry.npmjs.org/uint8array-extras/-/uint8array-extras-1.1.0.tgz",
      "integrity": "sha512-CVaBSyOmGoFHu+zOVPbetXEXykOd8KHVBHLlqvmaMWpwcq3rewj18xVNbU5uzf48hclnNQhfNaNany2cMHFK/g==",
      "engines": {
        "node": ">=18"
      },
      "funding": {
        "url": "https://github.com/sponsors/sindresorhus"
      }
    },
    "node_modules/web-streams-polyfill": {
      "version": "3.3.3",
      "resolved": "https://registry.npmjs.org/web-streams-polyfill/-/web-streams-polyfill-3.3.3.tgz",
      "integrity": "sha512-d2JWLCivmZYTSIoge9MsgFCZrt571BikcWGYkjC1khllbTeDlGqZ2D8vD8E/lJa8WGWbb7Plm8/XJYV7IJHZZw==",
      "engines": {
        "node": ">= 8"
      }
    }
  }
}
